
Microsoft Visual Studio Solution File, Format Version 12.00
# Visual Studio 15
VisualStudioVersion = 15.0.27703.2035
MinimumVisualStudioVersion = 10.0.40219.1
Project("{FAE04EC0-301F-11D3-BF4B-00C04F79EFBC}") = "fishtank", "fishtank\fishtank.csproj", "{6972C1E2-2690-48F8-9188-D84EB39BB4B4}"
EndProject
Global
	GlobalSection(SolutionConfigurationPlatforms) = preSolution
		Debug|Any CPU = Debug|Any CPU
		Release|Any CPU = Release|Any CPU
	EndGlobalSection
	GlobalSection(ProjectConfigurationPlatforms) = postSolution
		{6972C1E2-2690-48F8-9188-D84EB39BB4B4}.Debug|Any CPU.ActiveCfg = Debug|Any CPU
		{6972C1E2-2690-48F8-9188-D84EB39BB4B4}.Debug|Any CPU.Build.0 = Debug|Any CPU
		{6972C1E2-2690-48F8-9188-D84EB39BB4B4}.Release|Any CPU.ActiveCfg = Release|Any CPU
		{6972C1E2-2690-48F8-9188-D84EB39BB4B4}.Release|Any CPU.Build.0 = Release|Any CPU
	EndGlobalSection
	GlobalSection(SolutionProperties) = preSolution
		HideSolutionNode = FALSE
	EndGlobalSection
	GlobalSection(ExtensibilityGlobals) = postSolution
		SolutionGuid = {340E435C-69EA-4D21-9426-3F75002C1F38}
	EndGlobalSection
EndGlobal
